
Microsoft Visual Studio Solution File, Format Version 12.00
# Visual Studio Version 17
VisualStudioVersion = 17.1.32319.34
MinimumVisualStudioVersion = 10.0.40219.1
Project("{FAE04EC0-301F-11D3-BF4B-00C04F79EFBC}") = "ByteBank.SistemaAgencia", "ByteBank.SistemaAgencia\ByteBank.SistemaAgencia.csproj", "{56D90EAC-1792-4B3A-930E-896D9F4809D7}"
EndProject
Project("{FAE04EC0-301F-11D3-BF4B-00C04F79EFBC}") = "ByteBank.Modelos", "ByteBank.Modelos\ByteBank.Modelos.csproj", "{4B0E2E61-FF4B-4F7E-AE14-6EF87A164D33}"
EndProject
Global
	GlobalSection(SolutionConfigurationPlatforms) = preSolution
		Debug|Any CPU = Debug|Any CPU
		Release|Any CPU = Release|Any CPU
	EndGlobalSection
	GlobalSection(ProjectConfigurationPlatforms) = postSolution
		{56D90EAC-1792-4B3A-930E-896D9F4809D7}.Debug|Any CPU.ActiveCfg = Debug|Any CPU
		{56D90EAC-1792-4B3A-930E-896D9F4809D7}.Debug|Any CPU.Build.0 = Debug|Any CPU
		{56D90EAC-1792-4B3A-930E-896D9F4809D7}.Release|Any CPU.ActiveCfg = Release|Any CPU
		{56D90EAC-1792-4B3A-930E-896D9F4809D7}.Release|Any CPU.Build.0 = Release|Any CPU
		{4B0E2E61-FF4B-4F7E-AE14-6EF87A164D33}.Debug|Any CPU.ActiveCfg = Debug|Any CPU
		{4B0E2E61-FF4B-4F7E-AE14-6EF87A164D33}.Debug|Any CPU.Build.0 = Debug|Any CPU
		{4B0E2E61-FF4B-4F7E-AE14-6EF87A164D33}.Release|Any CPU.ActiveCfg = Release|Any CPU
		{4B0E2E61-FF4B-4F7E-AE14-6EF87A164D33}.Release|Any CPU.Build.0 = Release|Any CPU
	EndGlobalSection
	GlobalSection(SolutionProperties) = preSolution
		HideSolutionNode = FALSE
	EndGlobalSection
	GlobalSection(ExtensibilityGlobals) = postSolution
		SolutionGuid = {DFC8335F-F564-40EC-ACF9-9B0EB78AA9E1}
	EndGlobalSection
EndGlobal
